
Microsoft Visual Studio Solution File, Format Version 12.00
Project("{9A19103F-16F7-4668-BE54-9A1E7A4F7556}") = "_build", "build\_build.csproj", "{FF66A6BE-8D90-466B-BC21-9EDF3A3A4EA5}"
EndProject
Project("{2150E333-8FDC-42A3-9474-1A3956D46DE8}") = "CognitiveComplexity", "CognitiveComplexity", "{8E9B7968-7498-4760-841D-6E3360DA757D}"
	ProjectSection(SolutionItems) = preProject
	EndProjectSection
EndProject
Project("{2150E333-8FDC-42A3-9474-1A3956D46DE8}") = "misc", "misc", "{E1D60D59-A2BF-4AAC-9824-05925BF59681}"
	ProjectSection(SolutionItems) = preProject
		external\CognitiveComplexity\src\rider\main\resources\META-INF\plugin.xml = external\CognitiveComplexity\src\rider\main\resources\META-INF\plugin.xml
		external\CognitiveComplexity\src\dotnet\Plugin.props = external\CognitiveComplexity\src\dotnet\Plugin.props
		external\CognitiveComplexity\README.md = external\CognitiveComplexity\README.md
		external\CognitiveComplexity\CHANGELOG.md = external\CognitiveComplexity\CHANGELOG.md
	EndProjectSection
EndProject
Project("{FAE04EC0-301F-11D3-BF4B-00C04F79EFBC}") = "ReSharperPlugin.CognitiveComplexity", "external\CognitiveComplexity\src\dotnet\ReSharperPlugin.CognitiveComplexity\ReSharperPlugin.CognitiveComplexity.csproj", "{0610ABDE-597F-456C-AE8A-A2CAA3E60972}"
EndProject
Project("{FAE04EC0-301F-11D3-BF4B-00C04F79EFBC}") = "ReSharperPlugin.CognitiveComplexity.Rider", "external\CognitiveComplexity\src\dotnet\ReSharperPlugin.CognitiveComplexity\ReSharperPlugin.CognitiveComplexity.Rider.csproj", "{2B016FE7-28E9-45B0-826A-969562AE92BF}"
EndProject
Project("{FAE04EC0-301F-11D3-BF4B-00C04F79EFBC}") = "ReSharperPlugin.CognitiveComplexity.Tests", "external\CognitiveComplexity\src\dotnet\ReSharperPlugin.CognitiveComplexity.Tests\ReSharperPlugin.CognitiveComplexity.Tests.csproj", "{EE742732-5156-4F93-BC60-CA3B3FC752EE}"
EndProject
Project("{2150E333-8FDC-42A3-9474-1A3956D46DE8}") = "NUKE-Support", "NUKE-Support", "{7977DECC-53CF-428C-ADFA-E72533E15218}"
	ProjectSection(SolutionItems) = preProject
	EndProjectSection
EndProject
Project("{2150E333-8FDC-42A3-9474-1A3956D46DE8}") = "misc", "misc", "{9F07FC82-A50A-4C6A-B476-EB4CC196F9C5}"
	ProjectSection(SolutionItems) = preProject
		external\NUKE-Support\src\rider\main\resources\META-INF\plugin.xml = external\NUKE-Support\src\rider\main\resources\META-INF\plugin.xml
		external\NUKE-Support\src\dotnet\Plugin.props = external\NUKE-Support\src\dotnet\Plugin.props
		external\NUKE-Support\README.md = external\NUKE-Support\README.md
		external\NUKE-Support\CHANGELOG.md = external\NUKE-Support\CHANGELOG.md
	EndProjectSection
EndProject
Project("{FAE04EC0-301F-11D3-BF4B-00C04F79EFBC}") = "ReSharper.Nuke", "external\NUKE-Support\src\dotnet\ReSharper.Nuke\ReSharper.Nuke.csproj", "{BA7A7AE9-7AF3-4234-B0F6-D40935885779}"
EndProject
Project("{FAE04EC0-301F-11D3-BF4B-00C04F79EFBC}") = "ReSharper.Nuke.Rider", "external\NUKE-Support\src\dotnet\ReSharper.Nuke\ReSharper.Nuke.Rider.csproj", "{6D940444-0038-48E0-ACED-9B62C385DA65}"
EndProject
Project("{FAE04EC0-301F-11D3-BF4B-00C04F79EFBC}") = "ReSharper.Nuke.Tests", "external\NUKE-Support\src\dotnet\ReSharper.Nuke.Tests\ReSharper.Nuke.Tests.csproj", "{82901CC1-2997-4FB2-8438-75F3F9572D13}"
EndProject
Project("{2150E333-8FDC-42A3-9474-1A3956D46DE8}") = "Xao", "Xao", "{5EFB8A4A-2E9C-45B8-B739-B2D79019A3FE}"
	ProjectSection(SolutionItems) = preProject
	EndProjectSection
EndProject
Project("{2150E333-8FDC-42A3-9474-1A3956D46DE8}") = "misc", "misc", "{C6AF9E6C-CBF6-42ED-84F1-A0E464FF1FD7}"
	ProjectSection(SolutionItems) = preProject
		external\Xao\src\rider\main\resources\META-INF\plugin.xml = external\Xao\src\rider\main\resources\META-INF\plugin.xml
		external\Xao\src\dotnet\Plugin.props = external\Xao\src\dotnet\Plugin.props
		external\Xao\README.md = external\Xao\README.md
		external\Xao\CHANGELOG.md = external\Xao\CHANGELOG.md
	EndProjectSection
EndProject
Project("{FAE04EC0-301F-11D3-BF4B-00C04F79EFBC}") = "ReSharper.Xao", "external\Xao\src\dotnet\ReSharper.Xao\ReSharper.Xao.csproj", "{946026EC-784B-4C83-B74A-BF574F76B4D8}"
EndProject
Project("{FAE04EC0-301F-11D3-BF4B-00C04F79EFBC}") = "ReSharper.Xao.Rider", "external\Xao\src\dotnet\ReSharper.Xao\ReSharper.Xao.Rider.csproj", "{CCB652D1-932B-4A49-8A26-DE008C69F3E3}"
EndProject
Project("{FAE04EC0-301F-11D3-BF4B-00C04F79EFBC}") = "ReSharper.Xao.Tests", "external\Xao\src\dotnet\ReSharper.Xao.Tests\ReSharper.Xao.Tests.csproj", "{710F4C7D-CB3F-4BD2-84FE-13BC5D944BB7}"
EndProject
Project("{2150E333-8FDC-42A3-9474-1A3956D46DE8}") = "TestLinker", "TestLinker", "{F7FC00A5-7AE3-4CE3-8E28-4D38DFED76F5}"
	ProjectSection(SolutionItems) = preProject
	EndProjectSection
EndProject
Project("{2150E333-8FDC-42A3-9474-1A3956D46DE8}") = "misc", "misc", "{9BAEC64C-D895-435C-B169-7B8893E54071}"
	ProjectSection(SolutionItems) = preProject
		external\TestLinker\src\rider\main\resources\META-INF\plugin.xml = external\TestLinker\src\rider\main\resources\META-INF\plugin.xml
		external\TestLinker\src\dotnet\Plugin.props = external\TestLinker\src\dotnet\Plugin.props
		external\TestLinker\README.md = external\TestLinker\README.md
		external\TestLinker\CHANGELOG.md = external\TestLinker\CHANGELOG.md
	EndProjectSection
EndProject
Project("{FAE04EC0-301F-11D3-BF4B-00C04F79EFBC}") = "ReSharperPlugin.TestLinker", "external\TestLinker\src\dotnet\ReSharperPlugin.TestLinker\ReSharperPlugin.TestLinker.csproj", "{97D341CF-FC34-4430-917D-C6144AB880D4}"
EndProject
Project("{FAE04EC0-301F-11D3-BF4B-00C04F79EFBC}") = "ReSharperPlugin.TestLinker.Rider", "external\TestLinker\src\dotnet\ReSharperPlugin.TestLinker\ReSharperPlugin.TestLinker.Rider.csproj", "{2D70BA05-FA13-4438-8E3E-A11616617DE9}"
EndProject
Project("{FAE04EC0-301F-11D3-BF4B-00C04F79EFBC}") = "ReSharperPlugin.TestLinker.Tests", "external\TestLinker\src\dotnet\ReSharperPlugin.TestLinker.Tests\ReSharperPlugin.TestLinker.Tests.csproj", "{9F9C0108-CDE6-471F-917F-F21524D5E100}"
EndProject
Project("{2150E333-8FDC-42A3-9474-1A3956D46DE8}") = "PresentationAssistant", "PresentationAssistant", "{574F2835-A697-4B18-AFF9-E224EC773777}"
	ProjectSection(SolutionItems) = preProject
	EndProjectSection
EndProject
Project("{2150E333-8FDC-42A3-9474-1A3956D46DE8}") = "misc", "misc", "{60E7667A-95DF-461F-8525-B1A929D31BFB}"
	ProjectSection(SolutionItems) = preProject
		external\PresentationAssistant\src\dotnet\Plugin.props = external\PresentationAssistant\src\dotnet\Plugin.props
		external\PresentationAssistant\README.md = external\PresentationAssistant\README.md
		external\PresentationAssistant\CHANGELOG.md = external\PresentationAssistant\CHANGELOG.md
	EndProjectSection
EndProject
Project("{FAE04EC0-301F-11D3-BF4B-00C04F79EFBC}") = "ReSharperPlugin.PresentationAssistant", "external\PresentationAssistant\src\dotnet\ReSharperPlugin.PresentationAssistant\ReSharperPlugin.PresentationAssistant.csproj", "{03BAD225-28BE-4DD8-85FF-FDB6E2E12353}"
EndProject
Project("{2150E333-8FDC-42A3-9474-1A3956D46DE8}") = "SerializationInspections", "SerializationInspections", "{1E18A195-5473-4028-AC94-F43C5EF34DA6}"
	ProjectSection(SolutionItems) = preProject
	EndProjectSection
EndProject
Project("{2150E333-8FDC-42A3-9474-1A3956D46DE8}") = "Src", "Src", "{F640440F-3FD5-4DE1-9FC5-8E6B53DF24BA}"
	ProjectSection(SolutionItems) = preProject
	EndProjectSection
EndProject
Project("{9A19103F-16F7-4668-BE54-9A1E7A4F7556}") = "SolutionItems", "external\SerializationInspections\SolutionItems.csproj", "{CD13E047-6BF3-4167-B3C9-90ED3793711D}"
EndProject
Project("{9A19103F-16F7-4668-BE54-9A1E7A4F7556}") = "SerializationInspections.Sample", "external\SerializationInspections\Src\SerializationInspections.Plugin.Tests\test\data\SerializationInspections.Sample.csproj", "{6BC28CBE-5937-486C-8BD6-B5BFB0198C10}"
EndProject
Project("{9A19103F-16F7-4668-BE54-9A1E7A4F7556}") = "SerializationInspections.Plugin.RS20173", "external\SerializationInspections\Src\SerializationInspections.Plugin\SerializationInspections.Plugin.RS20173.csproj", "{6F555A72-CEEB-489C-9198-7127949C41BF}"
EndProject
Project("{9A19103F-16F7-4668-BE54-9A1E7A4F7556}") = "SerializationInspections.Plugin.Tests.RS20173", "external\SerializationInspections\Src\SerializationInspections.Plugin.Tests\SerializationInspections.Plugin.Tests.RS20173.csproj", "{7CF9316B-3E76-459B-8371-FDC9357C5610}"
EndProject
Project("{2150E333-8FDC-42A3-9474-1A3956D46DE8}") = "HeapAllocationViewer", "HeapAllocationViewer", "{3FC7DF43-1F9B-4FCE-99C0-06780E6FB1D0}"
	ProjectSection(SolutionItems) = preProject
	EndProjectSection
EndProject
Project("{2150E333-8FDC-42A3-9474-1A3956D46DE8}") = "misc", "misc", "{5F732AC1-E4D1-411F-B663-95A92D10CB6F}"
	ProjectSection(SolutionItems) = preProject
		external\HeapAllocationViewer\CHANGELOG.md = external\HeapAllocationViewer\CHANGELOG.md
		external\HeapAllocationViewer\src\dotnet\Plugin.props = external\HeapAllocationViewer\src\dotnet\Plugin.props
		external\HeapAllocationViewer\src\rider\main\resources\META-INF\plugin.xml = external\HeapAllocationViewer\src\rider\main\resources\META-INF\plugin.xml
		external\HeapAllocationViewer\README.md = external\HeapAllocationViewer\README.md
	EndProjectSection
EndProject
Project("{9A19103F-16F7-4668-BE54-9A1E7A4F7556}") = "ReSharperPlugin.HeapView", "external\HeapAllocationViewer\src\dotnet\ReSharperPlugin.HeapView\ReSharperPlugin.HeapView.csproj", "{0B3DE012-447A-40F1-ADAF-6BACB477E028}"
EndProject
Project("{9A19103F-16F7-4668-BE54-9A1E7A4F7556}") = "ReSharperPlugin.HeapView.Rider", "external\HeapAllocationViewer\src\dotnet\ReSharperPlugin.HeapView\ReSharperPlugin.HeapView.Rider.csproj", "{1C6F0CDB-FE31-4210-96CB-2AED16442238}"
EndProject
Project("{2150E333-8FDC-42A3-9474-1A3956D46DE8}") = "StyleCop", "StyleCop", "{7F9CB938-CAF4-4070-ABCB-AEEF8E3846B2}"
	ProjectSection(SolutionItems) = preProject
	EndProjectSection
EndProject
Project("{FAE04EC0-301F-11D3-BF4B-00C04F79EFBC}") = "StyleCop.ReSharper", "external\StyleCop\src\StyleCop.ReSharper\StyleCop.ReSharper.csproj", "{45638D90-F298-4139-AF09-3B110B676AFA}"
EndProject
Project("{9A19103F-16F7-4668-BE54-9A1E7A4F7556}") = "_build", "external\StyleCop\build\_build.csproj", "{08DD5C96-1BBB-4BAE-A26C-0B29FDA9D4D0}"
EndProject
Project("{2150E333-8FDC-42A3-9474-1A3956D46DE8}") = "InternalsVisibleTo", "InternalsVisibleTo", "{500AD91C-4239-4787-9BF5-6E77D6DABA81}"
	ProjectSection(SolutionItems) = preProject
	EndProjectSection
EndProject
Project("{2150E333-8FDC-42A3-9474-1A3956D46DE8}") = "misc", "misc", "{D144FA21-2996-4F55-8D85-3F4F3686AD16}"
	ProjectSection(SolutionItems) = preProject
		external\InternalsVisibleTo\src\rider\main\resources\META-INF\plugin.xml = external\InternalsVisibleTo\src\rider\main\resources\META-INF\plugin.xml
		external\InternalsVisibleTo\src\dotnet\Plugin.props = external\InternalsVisibleTo\src\dotnet\Plugin.props
		external\InternalsVisibleTo\README.md = external\InternalsVisibleTo\README.md
		external\InternalsVisibleTo\CHANGELOG.md = external\InternalsVisibleTo\CHANGELOG.md
	EndProjectSection
EndProject
Project("{FAE04EC0-301F-11D3-BF4B-00C04F79EFBC}") = "ReSharperPlugin.InternalsVisibleTo", "external\InternalsVisibleTo\src\dotnet\ReSharperPlugin.InternalsVisibleTo\ReSharperPlugin.InternalsVisibleTo.csproj", "{319F5798-E62E-4130-9ACC-FAF86EAB7871}"
EndProject
Project("{FAE04EC0-301F-11D3-BF4B-00C04F79EFBC}") = "ReSharperPlugin.InternalsVisibleTo.Rider", "external\InternalsVisibleTo\src\dotnet\ReSharperPlugin.InternalsVisibleTo\ReSharperPlugin.InternalsVisibleTo.Rider.csproj", "{6BB242A6-2665-4AA0-B076-967C062216A1}"
EndProject
Project("{FAE04EC0-301F-11D3-BF4B-00C04F79EFBC}") = "ReSharperPlugin.InternalsVisibleTo.Tests", "external\InternalsVisibleTo\src\dotnet\ReSharperPlugin.InternalsVisibleTo.Tests\ReSharperPlugin.InternalsVisibleTo.Tests.csproj", "{D15C37C5-C64B-4BE1-88BC-6B6B36EE586A}"
EndProject
Project("{2150E333-8FDC-42A3-9474-1A3956D46DE8}") = "CyclomaticComplexity", "CyclomaticComplexity", "{0F8C4153-179B-4218-8598-BB5D331DAC3E}"
	ProjectSection(SolutionItems) = preProject
	EndProjectSection
EndProject
Project("{2150E333-8FDC-42A3-9474-1A3956D46DE8}") = "misc", "misc", "{AACA543C-D2E4-4F30-BBC7-2B775E91E37C}"
	ProjectSection(SolutionItems) = preProject
		external\CyclomaticComplexity\src\rider\main\resources\META-INF\plugin.xml = external\CyclomaticComplexity\src\rider\main\resources\META-INF\plugin.xml
		external\CyclomaticComplexity\src\dotnet\Plugin.props = external\CyclomaticComplexity\src\dotnet\Plugin.props
		external\CyclomaticComplexity\CHANGELOG.md = external\CyclomaticComplexity\CHANGELOG.md
		external\CyclomaticComplexity\README.md = external\CyclomaticComplexity\README.md
	EndProjectSection
EndProject
Project("{FAE04EC0-301F-11D3-BF4B-00C04F79EFBC}") = "ReSharperPlugin.CyclomaticComplexity", "external\CyclomaticComplexity\src\dotnet\ReSharperPlugin.CyclomaticComplexity\ReSharperPlugin.CyclomaticComplexity.csproj", "{2BA23D16-0D8A-4AD6-AF48-1DDD9A0033FB}"
EndProject
Project("{FAE04EC0-301F-11D3-BF4B-00C04F79EFBC}") = "ReSharperPlugin.CyclomaticComplexity.Rider", "external\CyclomaticComplexity\src\dotnet\ReSharperPlugin.CyclomaticComplexity\ReSharperPlugin.CyclomaticComplexity.Rider.csproj", "{A9E6DD90-321A-466E-B211-6CAE8326F4FD}"
EndProject
Project("{FAE04EC0-301F-11D3-BF4B-00C04F79EFBC}") = "ReSharperPlugin.CyclomaticComplexity.Tests", "external\CyclomaticComplexity\src\dotnet\ReSharperPlugin.CyclomaticComplexity.Tests\ReSharperPlugin.CyclomaticComplexity.Tests.csproj", "{7A8492E1-8BF8-48CD-9E0D-94033738BDF6}"
EndProject
Global
	GlobalSection(SolutionConfigurationPlatforms) = preSolution
		Debug|Any CPU = Debug|Any CPU
		Release|Any CPU = Release|Any CPU
	EndGlobalSection
	GlobalSection(ProjectConfigurationPlatforms) = postSolution
		{FF66A6BE-8D90-466B-BC21-9EDF3A3A4EA5}.Debug|Any CPU.ActiveCfg = Debug|Any CPU
		{FF66A6BE-8D90-466B-BC21-9EDF3A3A4EA5}.Release|Any CPU.ActiveCfg = Release|Any CPU
		{0610ABDE-597F-456C-AE8A-A2CAA3E60972}.Debug|Any CPU.ActiveCfg = Debug|Any CPU
		{0610ABDE-597F-456C-AE8A-A2CAA3E60972}.Debug|Any CPU.Build.0 = Debug|Any CPU
		{0610ABDE-597F-456C-AE8A-A2CAA3E60972}.Release|Any CPU.ActiveCfg = Release|Any CPU
		{0610ABDE-597F-456C-AE8A-A2CAA3E60972}.Release|Any CPU.Build.0 = Release|Any CPU
		{2B016FE7-28E9-45B0-826A-969562AE92BF}.Debug|Any CPU.ActiveCfg = Debug|Any CPU
		{2B016FE7-28E9-45B0-826A-969562AE92BF}.Debug|Any CPU.Build.0 = Debug|Any CPU
		{2B016FE7-28E9-45B0-826A-969562AE92BF}.Release|Any CPU.ActiveCfg = Release|Any CPU
		{2B016FE7-28E9-45B0-826A-969562AE92BF}.Release|Any CPU.Build.0 = Release|Any CPU
		{EE742732-5156-4F93-BC60-CA3B3FC752EE}.Debug|Any CPU.ActiveCfg = Debug|Any CPU
		{EE742732-5156-4F93-BC60-CA3B3FC752EE}.Debug|Any CPU.Build.0 = Debug|Any CPU
		{EE742732-5156-4F93-BC60-CA3B3FC752EE}.Release|Any CPU.ActiveCfg = Release|Any CPU
		{EE742732-5156-4F93-BC60-CA3B3FC752EE}.Release|Any CPU.Build.0 = Release|Any CPU
		{BA7A7AE9-7AF3-4234-B0F6-D40935885779}.Debug|Any CPU.ActiveCfg = Debug|Any CPU
		{BA7A7AE9-7AF3-4234-B0F6-D40935885779}.Debug|Any CPU.Build.0 = Debug|Any CPU
		{BA7A7AE9-7AF3-4234-B0F6-D40935885779}.Release|Any CPU.ActiveCfg = Release|Any CPU
		{BA7A7AE9-7AF3-4234-B0F6-D40935885779}.Release|Any CPU.Build.0 = Release|Any CPU
		{6D940444-0038-48E0-ACED-9B62C385DA65}.Debug|Any CPU.ActiveCfg = Debug|Any CPU
		{6D940444-0038-48E0-ACED-9B62C385DA65}.Debug|Any CPU.Build.0 = Debug|Any CPU
		{6D940444-0038-48E0-ACED-9B62C385DA65}.Release|Any CPU.ActiveCfg = Release|Any CPU
		{6D940444-0038-48E0-ACED-9B62C385DA65}.Release|Any CPU.Build.0 = Release|Any CPU
		{82901CC1-2997-4FB2-8438-75F3F9572D13}.Debug|Any CPU.ActiveCfg = Debug|Any CPU
		{82901CC1-2997-4FB2-8438-75F3F9572D13}.Debug|Any CPU.Build.0 = Debug|Any CPU
		{82901CC1-2997-4FB2-8438-75F3F9572D13}.Release|Any CPU.ActiveCfg = Release|Any CPU
		{82901CC1-2997-4FB2-8438-75F3F9572D13}.Release|Any CPU.Build.0 = Release|Any CPU
		{946026EC-784B-4C83-B74A-BF574F76B4D8}.Debug|Any CPU.ActiveCfg = Debug|Any CPU
		{946026EC-784B-4C83-B74A-BF574F76B4D8}.Debug|Any CPU.Build.0 = Debug|Any CPU
		{946026EC-784B-4C83-B74A-BF574F76B4D8}.Release|Any CPU.ActiveCfg = Release|Any CPU
		{946026EC-784B-4C83-B74A-BF574F76B4D8}.Release|Any CPU.Build.0 = Release|Any CPU
		{CCB652D1-932B-4A49-8A26-DE008C69F3E3}.Debug|Any CPU.ActiveCfg = Debug|Any CPU
		{CCB652D1-932B-4A49-8A26-DE008C69F3E3}.Debug|Any CPU.Build.0 = Debug|Any CPU
		{CCB652D1-932B-4A49-8A26-DE008C69F3E3}.Release|Any CPU.ActiveCfg = Release|Any CPU
		{CCB652D1-932B-4A49-8A26-DE008C69F3E3}.Release|Any CPU.Build.0 = Release|Any CPU
		{710F4C7D-CB3F-4BD2-84FE-13BC5D944BB7}.Debug|Any CPU.ActiveCfg = Debug|Any CPU
		{710F4C7D-CB3F-4BD2-84FE-13BC5D944BB7}.Debug|Any CPU.Build.0 = Debug|Any CPU
		{710F4C7D-CB3F-4BD2-84FE-13BC5D944BB7}.Release|Any CPU.ActiveCfg = Release|Any CPU
		{710F4C7D-CB3F-4BD2-84FE-13BC5D944BB7}.Release|Any CPU.Build.0 = Release|Any CPU
		{97D341CF-FC34-4430-917D-C6144AB880D4}.Debug|Any CPU.ActiveCfg = Debug|Any CPU
		{97D341CF-FC34-4430-917D-C6144AB880D4}.Debug|Any CPU.Build.0 = Debug|Any CPU
		{97D341CF-FC34-4430-917D-C6144AB880D4}.Release|Any CPU.ActiveCfg = Release|Any CPU
		{97D341CF-FC34-4430-917D-C6144AB880D4}.Release|Any CPU.Build.0 = Release|Any CPU
		{2D70BA05-FA13-4438-8E3E-A11616617DE9}.Debug|Any CPU.ActiveCfg = Debug|Any CPU
		{2D70BA05-FA13-4438-8E3E-A11616617DE9}.Debug|Any CPU.Build.0 = Debug|Any CPU
		{2D70BA05-FA13-4438-8E3E-A11616617DE9}.Release|Any CPU.ActiveCfg = Release|Any CPU
		{2D70BA05-FA13-4438-8E3E-A11616617DE9}.Release|Any CPU.Build.0 = Release|Any CPU
		{9F9C0108-CDE6-471F-917F-F21524D5E100}.Debug|Any CPU.ActiveCfg = Debug|Any CPU
		{9F9C0108-CDE6-471F-917F-F21524D5E100}.Debug|Any CPU.Build.0 = Debug|Any CPU
		{9F9C0108-CDE6-471F-917F-F21524D5E100}.Release|Any CPU.ActiveCfg = Release|Any CPU
		{9F9C0108-CDE6-471F-917F-F21524D5E100}.Release|Any CPU.Build.0 = Release|Any CPU
		{03BAD225-28BE-4DD8-85FF-FDB6E2E12353}.Debug|Any CPU.ActiveCfg = Debug|Any CPU
		{03BAD225-28BE-4DD8-85FF-FDB6E2E12353}.Debug|Any CPU.Build.0 = Debug|Any CPU
		{03BAD225-28BE-4DD8-85FF-FDB6E2E12353}.Release|Any CPU.ActiveCfg = Release|Any CPU
		{03BAD225-28BE-4DD8-85FF-FDB6E2E12353}.Release|Any CPU.Build.0 = Release|Any CPU
		{CD13E047-6BF3-4167-B3C9-90ED3793711D}.Debug|Any CPU.ActiveCfg = Debug|Any CPU
		{CD13E047-6BF3-4167-B3C9-90ED3793711D}.Debug|Any CPU.Build.0 = Debug|Any CPU
		{CD13E047-6BF3-4167-B3C9-90ED3793711D}.Release|Any CPU.ActiveCfg = Debug|Any CPU
		{CD13E047-6BF3-4167-B3C9-90ED3793711D}.Release|Any CPU.Build.0 = Debug|Any CPU
		{6BC28CBE-5937-486C-8BD6-B5BFB0198C10}.Debug|Any CPU.ActiveCfg = Debug|Any CPU
		{6BC28CBE-5937-486C-8BD6-B5BFB0198C10}.Debug|Any CPU.Build.0 = Debug|Any CPU
		{6BC28CBE-5937-486C-8BD6-B5BFB0198C10}.Release|Any CPU.ActiveCfg = Release|Any CPU
		{6BC28CBE-5937-486C-8BD6-B5BFB0198C10}.Release|Any CPU.Build.0 = Release|Any CPU
		{6F555A72-CEEB-489C-9198-7127949C41BF}.Debug|Any CPU.ActiveCfg = Debug|Any CPU
		{6F555A72-CEEB-489C-9198-7127949C41BF}.Debug|Any CPU.Build.0 = Debug|Any CPU
		{6F555A72-CEEB-489C-9198-7127949C41BF}.Release|Any CPU.ActiveCfg = Release|Any CPU
		{6F555A72-CEEB-489C-9198-7127949C41BF}.Release|Any CPU.Build.0 = Release|Any CPU
		{7CF9316B-3E76-459B-8371-FDC9357C5610}.Debug|Any CPU.ActiveCfg = Debug|Any CPU
		{7CF9316B-3E76-459B-8371-FDC9357C5610}.Debug|Any CPU.Build.0 = Debug|Any CPU
		{7CF9316B-3E76-459B-8371-FDC9357C5610}.Release|Any CPU.ActiveCfg = Release|Any CPU
		{7CF9316B-3E76-459B-8371-FDC9357C5610}.Release|Any CPU.Build.0 = Release|Any CPU
		{0B3DE012-447A-40F1-ADAF-6BACB477E028}.Debug|Any CPU.ActiveCfg = Debug|Any CPU
		{0B3DE012-447A-40F1-ADAF-6BACB477E028}.Debug|Any CPU.Build.0 = Debug|Any CPU
		{0B3DE012-447A-40F1-ADAF-6BACB477E028}.Release|Any CPU.ActiveCfg = Release|Any CPU
		{0B3DE012-447A-40F1-ADAF-6BACB477E028}.Release|Any CPU.Build.0 = Release|Any CPU
		{1C6F0CDB-FE31-4210-96CB-2AED16442238}.Debug|Any CPU.ActiveCfg = Debug|Any CPU
		{1C6F0CDB-FE31-4210-96CB-2AED16442238}.Debug|Any CPU.Build.0 = Debug|Any CPU
		{1C6F0CDB-FE31-4210-96CB-2AED16442238}.Release|Any CPU.ActiveCfg = Release|Any CPU
		{1C6F0CDB-FE31-4210-96CB-2AED16442238}.Release|Any CPU.Build.0 = Release|Any CPU
		{45638D90-F298-4139-AF09-3B110B676AFA}.Debug|Any CPU.ActiveCfg = Debug|Any CPU
		{45638D90-F298-4139-AF09-3B110B676AFA}.Debug|Any CPU.Build.0 = Debug|Any CPU
		{45638D90-F298-4139-AF09-3B110B676AFA}.Release|Any CPU.ActiveCfg = Release|Any CPU
		{45638D90-F298-4139-AF09-3B110B676AFA}.Release|Any CPU.Build.0 = Release|Any CPU
		{08DD5C96-1BBB-4BAE-A26C-0B29FDA9D4D0}.Debug|Any CPU.ActiveCfg = Debug|Any CPU
		{08DD5C96-1BBB-4BAE-A26C-0B29FDA9D4D0}.Release|Any CPU.ActiveCfg = Release|Any CPU
		{319F5798-E62E-4130-9ACC-FAF86EAB7871}.Debug|Any CPU.ActiveCfg = Debug|Any CPU
		{319F5798-E62E-4130-9ACC-FAF86EAB7871}.Debug|Any CPU.Build.0 = Debug|Any CPU
		{319F5798-E62E-4130-9ACC-FAF86EAB7871}.Release|Any CPU.ActiveCfg = Release|Any CPU
		{319F5798-E62E-4130-9ACC-FAF86EAB7871}.Release|Any CPU.Build.0 = Release|Any CPU
		{6BB242A6-2665-4AA0-B076-967C062216A1}.Debug|Any CPU.ActiveCfg = Debug|Any CPU
		{6BB242A6-2665-4AA0-B076-967C062216A1}.Debug|Any CPU.Build.0 = Debug|Any CPU
		{6BB242A6-2665-4AA0-B076-967C062216A1}.Release|Any CPU.ActiveCfg = Release|Any CPU
		{6BB242A6-2665-4AA0-B076-967C062216A1}.Release|Any CPU.Build.0 = Release|Any CPU
		{D15C37C5-C64B-4BE1-88BC-6B6B36EE586A}.Debug|Any CPU.ActiveCfg = Debug|Any CPU
		{D15C37C5-C64B-4BE1-88BC-6B6B36EE586A}.Debug|Any CPU.Build.0 = Debug|Any CPU
		{D15C37C5-C64B-4BE1-88BC-6B6B36EE586A}.Release|Any CPU.ActiveCfg = Release|Any CPU
		{D15C37C5-C64B-4BE1-88BC-6B6B36EE586A}.Release|Any CPU.Build.0 = Release|Any CPU
		{2BA23D16-0D8A-4AD6-AF48-1DDD9A0033FB}.Debug|Any CPU.ActiveCfg = Debug|Any CPU
		{2BA23D16-0D8A-4AD6-AF48-1DDD9A0033FB}.Debug|Any CPU.Build.0 = Debug|Any CPU
		{2BA23D16-0D8A-4AD6-AF48-1DDD9A0033FB}.Release|Any CPU.ActiveCfg = Release|Any CPU
		{2BA23D16-0D8A-4AD6-AF48-1DDD9A0033FB}.Release|Any CPU.Build.0 = Release|Any CPU
		{A9E6DD90-321A-466E-B211-6CAE8326F4FD}.Debug|Any CPU.ActiveCfg = Debug|Any CPU
		{A9E6DD90-321A-466E-B211-6CAE8326F4FD}.Debug|Any CPU.Build.0 = Debug|Any CPU
		{A9E6DD90-321A-466E-B211-6CAE8326F4FD}.Release|Any CPU.ActiveCfg = Release|Any CPU
		{A9E6DD90-321A-466E-B211-6CAE8326F4FD}.Release|Any CPU.Build.0 = Release|Any CPU
		{7A8492E1-8BF8-48CD-9E0D-94033738BDF6}.Debug|Any CPU.ActiveCfg = Debug|Any CPU
		{7A8492E1-8BF8-48CD-9E0D-94033738BDF6}.Debug|Any CPU.Build.0 = Debug|Any CPU
		{7A8492E1-8BF8-48CD-9E0D-94033738BDF6}.Release|Any CPU.ActiveCfg = Release|Any CPU
		{7A8492E1-8BF8-48CD-9E0D-94033738BDF6}.Release|Any CPU.Build.0 = Release|Any CPU
	EndGlobalSection
	GlobalSection(NestedProjects) = preSolution
		{E1D60D59-A2BF-4AAC-9824-05925BF59681} = {8E9B7968-7498-4760-841D-6E3360DA757D}
		{0610ABDE-597F-456C-AE8A-A2CAA3E60972} = {8E9B7968-7498-4760-841D-6E3360DA757D}
		{2B016FE7-28E9-45B0-826A-969562AE92BF} = {8E9B7968-7498-4760-841D-6E3360DA757D}
		{EE742732-5156-4F93-BC60-CA3B3FC752EE} = {8E9B7968-7498-4760-841D-6E3360DA757D}
		{9F07FC82-A50A-4C6A-B476-EB4CC196F9C5} = {7977DECC-53CF-428C-ADFA-E72533E15218}
		{BA7A7AE9-7AF3-4234-B0F6-D40935885779} = {7977DECC-53CF-428C-ADFA-E72533E15218}
		{6D940444-0038-48E0-ACED-9B62C385DA65} = {7977DECC-53CF-428C-ADFA-E72533E15218}
		{82901CC1-2997-4FB2-8438-75F3F9572D13} = {7977DECC-53CF-428C-ADFA-E72533E15218}
		{C6AF9E6C-CBF6-42ED-84F1-A0E464FF1FD7} = {5EFB8A4A-2E9C-45B8-B739-B2D79019A3FE}
		{946026EC-784B-4C83-B74A-BF574F76B4D8} = {5EFB8A4A-2E9C-45B8-B739-B2D79019A3FE}
		{CCB652D1-932B-4A49-8A26-DE008C69F3E3} = {5EFB8A4A-2E9C-45B8-B739-B2D79019A3FE}
		{710F4C7D-CB3F-4BD2-84FE-13BC5D944BB7} = {5EFB8A4A-2E9C-45B8-B739-B2D79019A3FE}
		{9BAEC64C-D895-435C-B169-7B8893E54071} = {F7FC00A5-7AE3-4CE3-8E28-4D38DFED76F5}
		{97D341CF-FC34-4430-917D-C6144AB880D4} = {F7FC00A5-7AE3-4CE3-8E28-4D38DFED76F5}
		{2D70BA05-FA13-4438-8E3E-A11616617DE9} = {F7FC00A5-7AE3-4CE3-8E28-4D38DFED76F5}
		{9F9C0108-CDE6-471F-917F-F21524D5E100} = {F7FC00A5-7AE3-4CE3-8E28-4D38DFED76F5}
		{60E7667A-95DF-461F-8525-B1A929D31BFB} = {574F2835-A697-4B18-AFF9-E224EC773777}
		{03BAD225-28BE-4DD8-85FF-FDB6E2E12353} = {574F2835-A697-4B18-AFF9-E224EC773777}
		{F640440F-3FD5-4DE1-9FC5-8E6B53DF24BA} = {1E18A195-5473-4028-AC94-F43C5EF34DA6}
		{CD13E047-6BF3-4167-B3C9-90ED3793711D} = {1E18A195-5473-4028-AC94-F43C5EF34DA6}
		{6BC28CBE-5937-486C-8BD6-B5BFB0198C10} = {F640440F-3FD5-4DE1-9FC5-8E6B53DF24BA}
		{6F555A72-CEEB-489C-9198-7127949C41BF} = {F640440F-3FD5-4DE1-9FC5-8E6B53DF24BA}
		{7CF9316B-3E76-459B-8371-FDC9357C5610} = {F640440F-3FD5-4DE1-9FC5-8E6B53DF24BA}
		{5F732AC1-E4D1-411F-B663-95A92D10CB6F} = {3FC7DF43-1F9B-4FCE-99C0-06780E6FB1D0}
		{0B3DE012-447A-40F1-ADAF-6BACB477E028} = {3FC7DF43-1F9B-4FCE-99C0-06780E6FB1D0}
		{1C6F0CDB-FE31-4210-96CB-2AED16442238} = {3FC7DF43-1F9B-4FCE-99C0-06780E6FB1D0}
		{45638D90-F298-4139-AF09-3B110B676AFA} = {7F9CB938-CAF4-4070-ABCB-AEEF8E3846B2}
		{08DD5C96-1BBB-4BAE-A26C-0B29FDA9D4D0} = {7F9CB938-CAF4-4070-ABCB-AEEF8E3846B2}
		{D144FA21-2996-4F55-8D85-3F4F3686AD16} = {500AD91C-4239-4787-9BF5-6E77D6DABA81}
		{319F5798-E62E-4130-9ACC-FAF86EAB7871} = {500AD91C-4239-4787-9BF5-6E77D6DABA81}
		{6BB242A6-2665-4AA0-B076-967C062216A1} = {500AD91C-4239-4787-9BF5-6E77D6DABA81}
		{D15C37C5-C64B-4BE1-88BC-6B6B36EE586A} = {500AD91C-4239-4787-9BF5-6E77D6DABA81}
		{AACA543C-D2E4-4F30-BBC7-2B775E91E37C} = {0F8C4153-179B-4218-8598-BB5D331DAC3E}
		{2BA23D16-0D8A-4AD6-AF48-1DDD9A0033FB} = {0F8C4153-179B-4218-8598-BB5D331DAC3E}
		{A9E6DD90-321A-466E-B211-6CAE8326F4FD} = {0F8C4153-179B-4218-8598-BB5D331DAC3E}
		{7A8492E1-8BF8-48CD-9E0D-94033738BDF6} = {0F8C4153-179B-4218-8598-BB5D331DAC3E}
	EndGlobalSection
EndGlobal
